
Microsoft Visual Studio Solution File, Format Version 12.00
# Visual Studio 15
VisualStudioVersion = 15.0.28307.106
MinimumVisualStudioVersion = 10.0.40219.1
Project("{FAE04EC0-301F-11D3-BF4B-00C04F79EFBC}") = "NZBackpackerApp.Android", "NZBackpackerApp\NZBackpackerApp.Android\NZBackpackerApp.Android.csproj", "{4C85436A-E1A7-4C5C-AE99-C4C03DFE3F82}"
EndProject
Project("{FAE04EC0-301F-11D3-BF4B-00C04F79EFBC}") = "NZBackpackerApp.iOS", "NZBackpackerApp\NZBackpackerApp.iOS\NZBackpackerApp.iOS.csproj", "{A528508C-DF4E-467D-9AD9-11794B25DF93}"
EndProject
Project("{FAE04EC0-301F-11D3-BF4B-00C04F79EFBC}") = "NZBackpackerApp.UWP", "NZBackpackerApp\NZBackpackerApp.UWP\NZBackpackerApp.UWP.csproj", "{8882CABB-37ED-4BEA-B53A-BEA512474DEE}"
EndProject
Project("{FAE04EC0-301F-11D3-BF4B-00C04F79EFBC}") = "NZBackpackerApp", "NZBackpackerApp\NZBackpackerApp\NZBackpackerApp.csproj", "{36C3B426-EC56-4D91-8E3A-9DCA26C3E5F3}"
EndProject
Global
	GlobalSection(SolutionConfigurationPlatforms) = preSolution
		Ad-Hoc|Any CPU = Ad-Hoc|Any CPU
		Ad-Hoc|ARM = Ad-Hoc|ARM
		Ad-Hoc|iPhone = Ad-Hoc|iPhone
		Ad-Hoc|iPhoneSimulator = Ad-Hoc|iPhoneSimulator
		Ad-Hoc|x64 = Ad-Hoc|x64
		Ad-Hoc|x86 = Ad-Hoc|x86
		AppStore|Any CPU = AppStore|Any CPU
		AppStore|ARM = AppStore|ARM
		AppStore|iPhone = AppStore|iPhone
		AppStore|iPhoneSimulator = AppStore|iPhoneSimulator
		AppStore|x64 = AppStore|x64
		AppStore|x86 = AppStore|x86
		Debug|Any CPU = Debug|Any CPU
		Debug|ARM = Debug|ARM
		Debug|iPhone = Debug|iPhone
		Debug|iPhoneSimulator = Debug|iPhoneSimulator
		Debug|x64 = Debug|x64
		Debug|x86 = Debug|x86
		Release|Any CPU = Release|Any CPU
		Release|ARM = Release|ARM
		Release|iPhone = Release|iPhone
		Release|iPhoneSimulator = Release|iPhoneSimulator
		Release|x64 = Release|x64
		Release|x86 = Release|x86
	EndGlobalSection
	GlobalSection(ProjectConfigurationPlatforms) = postSolution
		{4C85436A-E1A7-4C5C-AE99-C4C03DFE3F82}.Ad-Hoc|Any CPU.ActiveCfg = Release|Any CPU
		{4C85436A-E1A7-4C5C-AE99-C4C03DFE3F82}.Ad-Hoc|Any CPU.Build.0 = Release|Any CPU
		{4C85436A-E1A7-4C5C-AE99-C4C03DFE3F82}.Ad-Hoc|Any CPU.Deploy.0 = Release|Any CPU
		{4C85436A-E1A7-4C5C-AE99-C4C03DFE3F82}.Ad-Hoc|ARM.ActiveCfg = Release|Any CPU
		{4C85436A-E1A7-4C5C-AE99-C4C03DFE3F82}.Ad-Hoc|ARM.Build.0 = Release|Any CPU
		{4C85436A-E1A7-4C5C-AE99-C4C03DFE3F82}.Ad-Hoc|ARM.Deploy.0 = Release|Any CPU
		{4C85436A-E1A7-4C5C-AE99-C4C03DFE3F82}.Ad-Hoc|iPhone.ActiveCfg = Release|Any CPU
		{4C85436A-E1A7-4C5C-AE99-C4C03DFE3F82}.Ad-Hoc|iPhone.Build.0 = Release|Any CPU
		{4C85436A-E1A7-4C5C-AE99-C4C03DFE3F82}.Ad-Hoc|iPhone.Deploy.0 = Release|Any CPU
		{4C85436A-E1A7-4C5C-AE99-C4C03DFE3F82}.Ad-Hoc|iPhoneSimulator.ActiveCfg = Release|Any CPU
		{4C85436A-E1A7-4C5C-AE99-C4C03DFE3F82}.Ad-Hoc|iPhoneSimulator.Build.0 = Release|Any CPU
		{4C85436A-E1A7-4C5C-AE99-C4C03DFE3F82}.Ad-Hoc|iPhoneSimulator.Deploy.0 = Release|Any CPU
		{4C85436A-E1A7-4C5C-AE99-C4C03DFE3F82}.Ad-Hoc|x64.ActiveCfg = Release|Any CPU
		{4C85436A-E1A7-4C5C-AE99-C4C03DFE3F82}.Ad-Hoc|x64.Build.0 = Release|Any CPU
		{4C85436A-E1A7-4C5C-AE99-C4C03DFE3F82}.Ad-Hoc|x64.Deploy.0 = Release|Any CPU
		{4C85436A-E1A7-4C5C-AE99-C4C03DFE3F82}.Ad-Hoc|x86.ActiveCfg = Release|Any CPU
		{4C85436A-E1A7-4C5C-AE99-C4C03DFE3F82}.Ad-Hoc|x86.Build.0 = Release|Any CPU
		{4C85436A-E1A7-4C5C-AE99-C4C03DFE3F82}.Ad-Hoc|x86.Deploy.0 = Release|Any CPU
		{4C85436A-E1A7-4C5C-AE99-C4C03DFE3F82}.AppStore|Any CPU.ActiveCfg = Release|Any CPU
		{4C85436A-E1A7-4C5C-AE99-C4C03DFE3F82}.AppStore|Any CPU.Build.0 = Release|Any CPU
		{4C85436A-E1A7-4C5C-AE99-C4C03DFE3F82}.AppStore|Any CPU.Deploy.0 = Release|Any CPU
		{4C85436A-E1A7-4C5C-AE99-C4C03DFE3F82}.AppStore|ARM.ActiveCfg = Release|Any CPU
		{4C85436A-E1A7-4C5C-AE99-C4C03DFE3F82}.AppStore|ARM.Build.0 = Release|Any CPU
		{4C85436A-E1A7-4C5C-AE99-C4C03DFE3F82}.AppStore|ARM.Deploy.0 = Release|Any CPU
		{4C85436A-E1A7-4C5C-AE99-C4C03DFE3F82}.AppStore|iPhone.ActiveCfg = Release|Any CPU
		{4C85436A-E1A7-4C5C-AE99-C4C03DFE3F82}.AppStore|iPhone.Build.0 = Release|Any CPU
		{4C85436A-E1A7-4C5C-AE99-C4C03DFE3F82}.AppStore|iPhone.Deploy.0 = Release|Any CPU
		{4C85436A-E1A7-4C5C-AE99-C4C03DFE3F82}.AppStore|iPhoneSimulator.ActiveCfg = Release|Any CPU
		{4C85436A-E1A7-4C5C-AE99-C4C03DFE3F82}.AppStore|iPhoneSimulator.Build.0 = Release|Any CPU
		{4C85436A-E1A7-4C5C-AE99-C4C03DFE3F82}.AppStore|iPhoneSimulator.Deploy.0 = Release|Any CPU
		{4C85436A-E1A7-4C5C-AE99-C4C03DFE3F82}.AppStore|x64.ActiveCfg = Release|Any CPU
		{4C85436A-E1A7-4C5C-AE99-C4C03DFE3F82}.AppStore|x64.Build.0 = Release|Any CPU
		{4C85436A-E1A7-4C5C-AE99-C4C03DFE3F82}.AppStore|x64.Deploy.0 = Release|Any CPU
		{4C85436A-E1A7-4C5C-AE99-C4C03DFE3F82}.AppStore|x86.ActiveCfg = Release|Any CPU
		{4C85436A-E1A7-4C5C-AE99-C4C03DFE3F82}.AppStore|x86.Build.0 = Release|Any CPU
		{4C85436A-E1A7-4C5C-AE99-C4C03DFE3F82}.AppStore|x86.Deploy.0 = Release|Any CPU
		{4C85436A-E1A7-4C5C-AE99-C4C03DFE3F82}.Debug|Any CPU.ActiveCfg = Debug|Any CPU
		{4C85436A-E1A7-4C5C-AE99-C4C03DFE3F82}.Debug|Any CPU.Build.0 = Debug|Any CPU
		{4C85436A-E1A7-4C5C-AE99-C4C03DFE3F82}.Debug|Any CPU.Deploy.0 = Debug|Any CPU
		{4C85436A-E1A7-4C5C-AE99-C4C03DFE3F82}.Debug|ARM.ActiveCfg = Debug|Any CPU
		{4C85436A-E1A7-4C5C-AE99-C4C03DFE3F82}.Debug|ARM.Build.0 = Debug|Any CPU
		{4C85436A-E1A7-4C5C-AE99-C4C03DFE3F82}.Debug|ARM.Deploy.0 = Debug|Any CPU
		{4C85436A-E1A7-4C5C-AE99-C4C03DFE3F82}.Debug|iPhone.ActiveCfg = Debug|Any CPU
		{4C85436A-E1A7-4C5C-AE99-C4C03DFE3F82}.Debug|iPhone.Build.0 = Debug|Any CPU
		{4C85436A-E1A7-4C5C-AE99-C4C03DFE3F82}.Debug|iPhone.Deploy.0 = Debug|Any CPU
		{4C85436A-E1A7-4C5C-AE99-C4C03DFE3F82}.Debug|iPhoneSimulator.ActiveCfg = Debug|Any CPU
		{4C85436A-E1A7-4C5C-AE99-C4C03DFE3F82}.Debug|iPhoneSimulator.Build.0 = Debug|Any CPU
		{4C85436A-E1A7-4C5C-AE99-C4C03DFE3F82}.Debug|iPhoneSimulator.Deploy.0 = Debug|Any CPU
		{4C85436A-E1A7-4C5C-AE99-C4C03DFE3F82}.Debug|x64.ActiveCfg = Debug|Any CPU
		{4C85436A-E1A7-4C5C-AE99-C4C03DFE3F82}.Debug|x64.Build.0 = Debug|Any CPU
		{4C85436A-E1A7-4C5C-AE99-C4C03DFE3F82}.Debug|x64.Deploy.0 = Debug|Any CPU
		{4C85436A-E1A7-4C5C-AE99-C4C03DFE3F82}.Debug|x86.ActiveCfg = Debug|Any CPU
		{4C85436A-E1A7-4C5C-AE99-C4C03DFE3F82}.Debug|x86.Build.0 = Debug|Any CPU
		{4C85436A-E1A7-4C5C-AE99-C4C03DFE3F82}.Debug|x86.Deploy.0 = Debug|Any CPU
		{4C85436A-E1A7-4C5C-AE99-C4C03DFE3F82}.Release|Any CPU.ActiveCfg = Release|Any CPU
		{4C85436A-E1A7-4C5C-AE99-C4C03DFE3F82}.Release|Any CPU.Build.0 = Release|Any CPU
		{4C85436A-E1A7-4C5C-AE99-C4C03DFE3F82}.Release|Any CPU.Deploy.0 = Release|Any CPU
		{4C85436A-E1A7-4C5C-AE99-C4C03DFE3F82}.Release|ARM.ActiveCfg = Release|Any CPU
		{4C85436A-E1A7-4C5C-AE99-C4C03DFE3F82}.Release|ARM.Build.0 = Release|Any CPU
		{4C85436A-E1A7-4C5C-AE99-C4C03DFE3F82}.Release|ARM.Deploy.0 = Release|Any CPU
		{4C85436A-E1A7-4C5C-AE99-C4C03DFE3F82}.Release|iPhone.ActiveCfg = Release|Any CPU
		{4C85436A-E1A7-4C5C-AE99-C4C03DFE3F82}.Release|iPhone.Build.0 = Release|Any CPU
		{4C85436A-E1A7-4C5C-AE99-C4C03DFE3F82}.Release|iPhone.Deploy.0 = Release|Any CPU
		{4C85436A-E1A7-4C5C-AE99-C4C03DFE3F82}.Release|iPhoneSimulator.ActiveCfg = Release|Any CPU
		{4C85436A-E1A7-4C5C-AE99-C4C03DFE3F82}.Release|iPhoneSimulator.Build.0 = Release|Any CPU
		{4C85436A-E1A7-4C5C-AE99-C4C03DFE3F82}.Release|iPhoneSimulator.Deploy.0 = Release|Any CPU
		{4C85436A-E1A7-4C5C-AE99-C4C03DFE3F82}.Release|x64.ActiveCfg = Release|Any CPU
		{4C85436A-E1A7-4C5C-AE99-C4C03DFE3F82}.Release|x64.Build.0 = Release|Any CPU
		{4C85436A-E1A7-4C5C-AE99-C4C03DFE3F82}.Release|x64.Deploy.0 = Release|Any CPU
		{4C85436A-E1A7-4C5C-AE99-C4C03DFE3F82}.Release|x86.ActiveCfg = Release|Any CPU
		{4C85436A-E1A7-4C5C-AE99-C4C03DFE3F82}.Release|x86.Build.0 = Release|Any CPU
		{4C85436A-E1A7-4C5C-AE99-C4C03DFE3F82}.Release|x86.Deploy.0 = Release|Any CPU
		{A528508C-DF4E-467D-9AD9-11794B25DF93}.Ad-Hoc|Any CPU.ActiveCfg = Ad-Hoc|iPhone
		{A528508C-DF4E-467D-9AD9-11794B25DF93}.Ad-Hoc|Any CPU.Build.0 = Ad-Hoc|iPhone
		{A528508C-DF4E-467D-9AD9-11794B25DF93}.Ad-Hoc|Any CPU.Deploy.0 = Ad-Hoc|iPhone
		{A528508C-DF4E-467D-9AD9-11794B25DF93}.Ad-Hoc|ARM.ActiveCfg = Ad-Hoc|iPhone
		{A528508C-DF4E-467D-9AD9-11794B25DF93}.Ad-Hoc|ARM.Build.0 = Ad-Hoc|iPhone
		{A528508C-DF4E-467D-9AD9-11794B25DF93}.Ad-Hoc|ARM.Deploy.0 = Ad-Hoc|iPhone
		{A528508C-DF4E-467D-9AD9-11794B25DF93}.Ad-Hoc|iPhone.ActiveCfg = Ad-Hoc|iPhone
		{A528508C-DF4E-467D-9AD9-11794B25DF93}.Ad-Hoc|iPhone.Build.0 = Ad-Hoc|iPhone
		{A528508C-DF4E-467D-9AD9-11794B25DF93}.Ad-Hoc|iPhone.Deploy.0 = Ad-Hoc|iPhone
		{A528508C-DF4E-467D-9AD9-11794B25DF93}.Ad-Hoc|iPhoneSimulator.ActiveCfg = Ad-Hoc|iPhoneSimulator
		{A528508C-DF4E-467D-9AD9-11794B25DF93}.Ad-Hoc|iPhoneSimulator.Build.0 = Ad-Hoc|iPhoneSimulator
		{A528508C-DF4E-467D-9AD9-11794B25DF93}.Ad-Hoc|iPhoneSimulator.Deploy.0 = Ad-Hoc|iPhoneSimulator
		{A528508C-DF4E-467D-9AD9-11794B25DF93}.Ad-Hoc|x64.ActiveCfg = Ad-Hoc|iPhone
		{A528508C-DF4E-467D-9AD9-11794B25DF93}.Ad-Hoc|x64.Build.0 = Ad-Hoc|iPhone
		{A528508C-DF4E-467D-9AD9-11794B25DF93}.Ad-Hoc|x64.Deploy.0 = Ad-Hoc|iPhone
		{A528508C-DF4E-467D-9AD9-11794B25DF93}.Ad-Hoc|x86.ActiveCfg = Ad-Hoc|iPhone
		{A528508C-DF4E-467D-9AD9-11794B25DF93}.Ad-Hoc|x86.Build.0 = Ad-Hoc|iPhone
		{A528508C-DF4E-467D-9AD9-11794B25DF93}.Ad-Hoc|x86.Deploy.0 = Ad-Hoc|iPhone
		{A528508C-DF4E-467D-9AD9-11794B25DF93}.AppStore|Any CPU.ActiveCfg = AppStore|iPhone
		{A528508C-DF4E-467D-9AD9-11794B25DF93}.AppStore|Any CPU.Build.0 = AppStore|iPhone
		{A528508C-DF4E-467D-9AD9-11794B25DF93}.AppStore|Any CPU.Deploy.0 = AppStore|iPhone
		{A528508C-DF4E-467D-9AD9-11794B25DF93}.AppStore|ARM.ActiveCfg = AppStore|iPhone
		{A528508C-DF4E-467D-9AD9-11794B25DF93}.AppStore|ARM.Build.0 = AppStore|iPhone
		{A528508C-DF4E-467D-9AD9-11794B25DF93}.AppStore|ARM.Deploy.0 = AppStore|iPhone
		{A528508C-DF4E-467D-9AD9-11794B25DF93}.AppStore|iPhone.ActiveCfg = AppStore|iPhone
		{A528508C-DF4E-467D-9AD9-11794B25DF93}.AppStore|iPhone.Build.0 = AppStore|iPhone
		{A528508C-DF4E-467D-9AD9-11794B25DF93}.AppStore|iPhone.Deploy.0 = AppStore|iPhone
		{A528508C-DF4E-467D-9AD9-11794B25DF93}.AppStore|iPhoneSimulator.ActiveCfg = AppStore|iPhoneSimulator
		{A528508C-DF4E-467D-9AD9-11794B25DF93}.AppStore|iPhoneSimulator.Build.0 = AppStore|iPhoneSimulator
		{A528508C-DF4E-467D-9AD9-11794B25DF93}.AppStore|iPhoneSimulator.Deploy.0 = AppStore|iPhoneSimulator
		{A528508C-DF4E-467D-9AD9-11794B25DF93}.AppStore|x64.ActiveCfg = AppStore|iPhone
		{A528508C-DF4E-467D-9AD9-11794B25DF93}.AppStore|x64.Build.0 = AppStore|iPhone
		{A528508C-DF4E-467D-9AD9-11794B25DF93}.AppStore|x64.Deploy.0 = AppStore|iPhone
		{A528508C-DF4E-467D-9AD9-11794B25DF93}.AppStore|x86.ActiveCfg = AppStore|iPhone
		{A528508C-DF4E-467D-9AD9-11794B25DF93}.AppStore|x86.Build.0 = AppStore|iPhone
		{A528508C-DF4E-467D-9AD9-11794B25DF93}.AppStore|x86.Deploy.0 = AppStore|iPhone
		{A528508C-DF4E-467D-9AD9-11794B25DF93}.Debug|Any CPU.ActiveCfg = Debug|iPhoneSimulator
		{A528508C-DF4E-467D-9AD9-11794B25DF93}.Debug|Any CPU.Build.0 = Debug|iPhoneSimulator
		{A528508C-DF4E-467D-9AD9-11794B25DF93}.Debug|Any CPU.Deploy.0 = Debug|iPhoneSimulator
		{A528508C-DF4E-467D-9AD9-11794B25DF93}.Debug|ARM.ActiveCfg = Debug|iPhone
		{A528508C-DF4E-467D-9AD9-11794B25DF93}.Debug|ARM.Build.0 = Debug|iPhone
		{A528508C-DF4E-467D-9AD9-11794B25DF93}.Debug|ARM.Deploy.0 = Debug|iPhone
		{A528508C-DF4E-467D-9AD9-11794B25DF93}.Debug|iPhone.ActiveCfg = Debug|iPhone
		{A528508C-DF4E-467D-9AD9-11794B25DF93}.Debug|iPhone.Build.0 = Debug|iPhone
		{A528508C-DF4E-467D-9AD9-11794B25DF93}.Debug|iPhone.Deploy.0 = Debug|iPhone
		{A528508C-DF4E-467D-9AD9-11794B25DF93}.Debug|iPhoneSimulator.ActiveCfg = Debug|iPhoneSimulator
		{A528508C-DF4E-467D-9AD9-11794B25DF93}.Debug|iPhoneSimulator.Build.0 = Debug|iPhoneSimulator
		{A528508C-DF4E-467D-9AD9-11794B25DF93}.Debug|iPhoneSimulator.Deploy.0 = Debug|iPhoneSimulator
		{A528508C-DF4E-467D-9AD9-11794B25DF93}.Debug|x64.ActiveCfg = Debug|iPhone
		{A528508C-DF4E-467D-9AD9-11794B25DF93}.Debug|x64.Build.0 = Debug|iPhone
		{A528508C-DF4E-467D-9AD9-11794B25DF93}.Debug|x64.Deploy.0 = Debug|iPhone
		{A528508C-DF4E-467D-9AD9-11794B25DF93}.Debug|x86.ActiveCfg = Debug|iPhone
		{A528508C-DF4E-467D-9AD9-11794B25DF93}.Debug|x86.Build.0 = Debug|iPhone
		{A528508C-DF4E-467D-9AD9-11794B25DF93}.Debug|x86.Deploy.0 = Debug|iPhone
		{A528508C-DF4E-467D-9AD9-11794B25DF93}.Release|Any CPU.ActiveCfg = Release|iPhone
		{A528508C-DF4E-467D-9AD9-11794B25DF93}.Release|Any CPU.Build.0 = Release|iPhone
		{A528508C-DF4E-467D-9AD9-11794B25DF93}.Release|Any CPU.Deploy.0 = Release|iPhone
		{A528508C-DF4E-467D-9AD9-11794B25DF93}.Release|ARM.ActiveCfg = Release|iPhone
		{A528508C-DF4E-467D-9AD9-11794B25DF93}.Release|ARM.Build.0 = Release|iPhone
		{A528508C-DF4E-467D-9AD9-11794B25DF93}.Release|ARM.Deploy.0 = Release|iPhone
		{A528508C-DF4E-467D-9AD9-11794B25DF93}.Release|iPhone.ActiveCfg = Release|iPhone
		{A528508C-DF4E-467D-9AD9-11794B25DF93}.Release|iPhone.Build.0 = Release|iPhone
		{A528508C-DF4E-467D-9AD9-11794B25DF93}.Release|iPhone.Deploy.0 = Release|iPhone
		{A528508C-DF4E-467D-9AD9-11794B25DF93}.Release|iPhoneSimulator.ActiveCfg = Release|iPhoneSimulator
		{A528508C-DF4E-467D-9AD9-11794B25DF93}.Release|iPhoneSimulator.Build.0 = Release|iPhoneSimulator
		{A528508C-DF4E-467D-9AD9-11794B25DF93}.Release|iPhoneSimulator.Deploy.0 = Release|iPhoneSimulator
		{A528508C-DF4E-467D-9AD9-11794B25DF93}.Release|x64.ActiveCfg = Release|iPhone
		{A528508C-DF4E-467D-9AD9-11794B25DF93}.Release|x64.Build.0 = Release|iPhone
		{A528508C-DF4E-467D-9AD9-11794B25DF93}.Release|x64.Deploy.0 = Release|iPhone
		{A528508C-DF4E-467D-9AD9-11794B25DF93}.Release|x86.ActiveCfg = Release|iPhone
		{A528508C-DF4E-467D-9AD9-11794B25DF93}.Release|x86.Build.0 = Release|iPhone
		{A528508C-DF4E-467D-9AD9-11794B25DF93}.Release|x86.Deploy.0 = Release|iPhone
		{8882CABB-37ED-4BEA-B53A-BEA512474DEE}.Ad-Hoc|Any CPU.ActiveCfg = Release|x86
		{8882CABB-37ED-4BEA-B53A-BEA512474DEE}.Ad-Hoc|Any CPU.Build.0 = Release|x86
		{8882CABB-37ED-4BEA-B53A-BEA512474DEE}.Ad-Hoc|Any CPU.Deploy.0 = Release|x86
		{8882CABB-37ED-4BEA-B53A-BEA512474DEE}.Ad-Hoc|ARM.ActiveCfg = Release|ARM
		{8882CABB-37ED-4BEA-B53A-BEA512474DEE}.Ad-Hoc|ARM.Build.0 = Release|ARM
		{8882CABB-37ED-4BEA-B53A-BEA512474DEE}.Ad-Hoc|ARM.Deploy.0 = Release|ARM
		{8882CABB-37ED-4BEA-B53A-BEA512474DEE}.Ad-Hoc|iPhone.ActiveCfg = Release|x86
		{8882CABB-37ED-4BEA-B53A-BEA512474DEE}.Ad-Hoc|iPhone.Build.0 = Release|x86
		{8882CABB-37ED-4BEA-B53A-BEA512474DEE}.Ad-Hoc|iPhone.Deploy.0 = Release|x86
		{8882CABB-37ED-4BEA-B53A-BEA512474DEE}.Ad-Hoc|iPhoneSimulator.ActiveCfg = Release|x86
		{8882CABB-37ED-4BEA-B53A-BEA512474DEE}.Ad-Hoc|iPhoneSimulator.Build.0 = Release|x86
		{8882CABB-37ED-4BEA-B53A-BEA512474DEE}.Ad-Hoc|iPhoneSimulator.Deploy.0 = Release|x86
		{8882CABB-37ED-4BEA-B53A-BEA512474DEE}.Ad-Hoc|x64.ActiveCfg = Release|x64
		{8882CABB-37ED-4BEA-B53A-BEA512474DEE}.Ad-Hoc|x64.Build.0 = Release|x64
		{8882CABB-37ED-4BEA-B53A-BEA512474DEE}.Ad-Hoc|x64.Deploy.0 = Release|x64
		{8882CABB-37ED-4BEA-B53A-BEA512474DEE}.Ad-Hoc|x86.ActiveCfg = Release|x86
		{8882CABB-37ED-4BEA-B53A-BEA512474DEE}.Ad-Hoc|x86.Build.0 = Release|x86
		{8882CABB-37ED-4BEA-B53A-BEA512474DEE}.Ad-Hoc|x86.Deploy.0 = Release|x86
		{8882CABB-37ED-4BEA-B53A-BEA512474DEE}.AppStore|Any CPU.ActiveCfg = Release|x86
		{8882CABB-37ED-4BEA-B53A-BEA512474DEE}.AppStore|Any CPU.Build.0 = Release|x86
		{8882CABB-37ED-4BEA-B53A-BEA512474DEE}.AppStore|Any CPU.Deploy.0 = Release|x86
		{8882CABB-37ED-4BEA-B53A-BEA512474DEE}.AppStore|ARM.ActiveCfg = Release|ARM
		{8882CABB-37ED-4BEA-B53A-BEA512474DEE}.AppStore|ARM.Build.0 = Release|ARM
		{8882CABB-37ED-4BEA-B53A-BEA512474DEE}.AppStore|ARM.Deploy.0 = Release|ARM
		{8882CABB-37ED-4BEA-B53A-BEA512474DEE}.AppStore|iPhone.ActiveCfg = Release|x86
		{8882CABB-37ED-4BEA-B53A-BEA512474DEE}.AppStore|iPhone.Build.0 = Release|x86
		{8882CABB-37ED-4BEA-B53A-BEA512474DEE}.AppStore|iPhone.Deploy.0 = Release|x86
		{8882CABB-37ED-4BEA-B53A-BEA512474DEE}.AppStore|iPhoneSimulator.ActiveCfg = Release|x86
		{8882CABB-37ED-4BEA-B53A-BEA512474DEE}.AppStore|iPhoneSimulator.Build.0 = Release|x86
		{8882CABB-37ED-4BEA-B53A-BEA512474DEE}.AppStore|iPhoneSimulator.Deploy.0 = Release|x86
		{8882CABB-37ED-4BEA-B53A-BEA512474DEE}.AppStore|x64.ActiveCfg = Release|x64
		{8882CABB-37ED-4BEA-B53A-BEA512474DEE}.AppStore|x64.Build.0 = Release|x64
		{8882CABB-37ED-4BEA-B53A-BEA512474DEE}.AppStore|x64.Deploy.0 = Release|x64
		{8882CABB-37ED-4BEA-B53A-BEA512474DEE}.AppStore|x86.ActiveCfg = Release|x86
		{8882CABB-37ED-4BEA-B53A-BEA512474DEE}.AppStore|x86.Build.0 = Release|x86
		{8882CABB-37ED-4BEA-B53A-BEA512474DEE}.AppStore|x86.Deploy.0 = Release|x86
		{8882CABB-37ED-4BEA-B53A-BEA512474DEE}.Debug|Any CPU.ActiveCfg = Debug|x86
		{8882CABB-37ED-4BEA-B53A-BEA512474DEE}.Debug|Any CPU.Build.0 = Debug|x86
		{8882CABB-37ED-4BEA-B53A-BEA512474DEE}.Debug|Any CPU.Deploy.0 = Debug|x86
		{8882CABB-37ED-4BEA-B53A-BEA512474DEE}.Debug|ARM.ActiveCfg = Debug|ARM
		{8882CABB-37ED-4BEA-B53A-BEA512474DEE}.Debug|ARM.Build.0 = Debug|ARM
		{8882CABB-37ED-4BEA-B53A-BEA512474DEE}.Debug|ARM.Deploy.0 = Debug|ARM
		{8882CABB-37ED-4BEA-B53A-BEA512474DEE}.Debug|iPhone.ActiveCfg = Debug|x86
		{8882CABB-37ED-4BEA-B53A-BEA512474DEE}.Debug|iPhone.Build.0 = Debug|x86
		{8882CABB-37ED-4BEA-B53A-BEA512474DEE}.Debug|iPhone.Deploy.0 = Debug|x86
		{8882CABB-37ED-4BEA-B53A-BEA512474DEE}.Debug|iPhoneSimulator.ActiveCfg = Debug|x86
		{8882CABB-37ED-4BEA-B53A-BEA512474DEE}.Debug|iPhoneSimulator.Build.0 = Debug|x86
		{8882CABB-37ED-4BEA-B53A-BEA512474DEE}.Debug|iPhoneSimulator.Deploy.0 = Debug|x86
		{8882CABB-37ED-4BEA-B53A-BEA512474DEE}.Debug|x64.ActiveCfg = Debug|x64
		{8882CABB-37ED-4BEA-B53A-BEA512474DEE}.Debug|x64.Build.0 = Debug|x64
		{8882CABB-37ED-4BEA-B53A-BEA512474DEE}.Debug|x64.Deploy.0 = Debug|x64
		{8882CABB-37ED-4BEA-B53A-BEA512474DEE}.Debug|x86.ActiveCfg = Debug|x86
		{8882CABB-37ED-4BEA-B53A-BEA512474DEE}.Debug|x86.Build.0 = Debug|x86
		{8882CABB-37ED-4BEA-B53A-BEA512474DEE}.Debug|x86.Deploy.0 = Debug|x86
		{8882CABB-37ED-4BEA-B53A-BEA512474DEE}.Release|Any CPU.ActiveCfg = Release|x86
		{8882CABB-37ED-4BEA-B53A-BEA512474DEE}.Release|Any CPU.Build.0 = Release|x86
		{8882CABB-37ED-4BEA-B53A-BEA512474DEE}.Release|Any CPU.Deploy.0 = Release|x86
		{8882CABB-37ED-4BEA-B53A-BEA512474DEE}.Release|ARM.ActiveCfg = Release|ARM
		{8882CABB-37ED-4BEA-B53A-BEA512474DEE}.Release|ARM.Build.0 = Release|ARM
		{8882CABB-37ED-4BEA-B53A-BEA512474DEE}.Release|ARM.Deploy.0 = Release|ARM
		{8882CABB-37ED-4BEA-B53A-BEA512474DEE}.Release|iPhone.ActiveCfg = Release|x86
		{8882CABB-37ED-4BEA-B53A-BEA512474DEE}.Release|iPhone.Build.0 = Release|x86
		{8882CABB-37ED-4BEA-B53A-BEA512474DEE}.Release|iPhone.Deploy.0 = Release|x86
		{8882CABB-37ED-4BEA-B53A-BEA512474DEE}.Release|iPhoneSimulator.ActiveCfg = Release|x86
		{8882CABB-37ED-4BEA-B53A-BEA512474DEE}.Release|iPhoneSimulator.Build.0 = Release|x86
		{8882CABB-37ED-4BEA-B53A-BEA512474DEE}.Release|iPhoneSimulator.Deploy.0 = Release|x86
		{8882CABB-37ED-4BEA-B53A-BEA512474DEE}.Release|x64.ActiveCfg = Release|x64
		{8882CABB-37ED-4BEA-B53A-BEA512474DEE}.Release|x64.Build.0 = Release|x64
		{8882CABB-37ED-4BEA-B53A-BEA512474DEE}.Release|x64.Deploy.0 = Release|x64
		{8882CABB-37ED-4BEA-B53A-BEA512474DEE}.Release|x86.ActiveCfg = Release|x86
		{8882CABB-37ED-4BEA-B53A-BEA512474DEE}.Release|x86.Build.0 = Release|x86
		{8882CABB-37ED-4BEA-B53A-BEA512474DEE}.Release|x86.Deploy.0 = Release|x86
		{36C3B426-EC56-4D91-8E3A-9DCA26C3E5F3}.Ad-Hoc|Any CPU.ActiveCfg = Debug|Any CPU
		{36C3B426-EC56-4D91-8E3A-9DCA26C3E5F3}.Ad-Hoc|Any CPU.Build.0 = Debug|Any CPU
		{36C3B426-EC56-4D91-8E3A-9DCA26C3E5F3}.Ad-Hoc|Any CPU.Deploy.0 = Debug|Any CPU
		{36C3B426-EC56-4D91-8E3A-9DCA26C3E5F3}.Ad-Hoc|ARM.ActiveCfg = Debug|Any CPU
		{36C3B426-EC56-4D91-8E3A-9DCA26C3E5F3}.Ad-Hoc|ARM.Build.0 = Debug|Any CPU
		{36C3B426-EC56-4D91-8E3A-9DCA26C3E5F3}.Ad-Hoc|ARM.Deploy.0 = Debug|Any CPU
		{36C3B426-EC56-4D91-8E3A-9DCA26C3E5F3}.Ad-Hoc|iPhone.ActiveCfg = Debug|Any CPU
		{36C3B426-EC56-4D91-8E3A-9DCA26C3E5F3}.Ad-Hoc|iPhone.Build.0 = Debug|Any CPU
		{36C3B426-EC56-4D91-8E3A-9DCA26C3E5F3}.Ad-Hoc|iPhone.Deploy.0 = Debug|Any CPU
		{36C3B426-EC56-4D91-8E3A-9DCA26C3E5F3}.Ad-Hoc|iPhoneSimulator.ActiveCfg = Debug|Any CPU
		{36C3B426-EC56-4D91-8E3A-9DCA26C3E5F3}.Ad-Hoc|iPhoneSimulator.Build.0 = Debug|Any CPU
		{36C3B426-EC56-4D91-8E3A-9DCA26C3E5F3}.Ad-Hoc|iPhoneSimulator.Deploy.0 = Debug|Any CPU
		{36C3B426-EC56-4D91-8E3A-9DCA26C3E5F3}.Ad-Hoc|x64.ActiveCfg = Debug|Any CPU
		{36C3B426-EC56-4D91-8E3A-9DCA26C3E5F3}.Ad-Hoc|x64.Build.0 = Debug|Any CPU
		{36C3B426-EC56-4D91-8E3A-9DCA26C3E5F3}.Ad-Hoc|x64.Deploy.0 = Debug|Any CPU
		{36C3B426-EC56-4D91-8E3A-9DCA26C3E5F3}.Ad-Hoc|x86.ActiveCfg = Debug|Any CPU
		{36C3B426-EC56-4D91-8E3A-9DCA26C3E5F3}.Ad-Hoc|x86.Build.0 = Debug|Any CPU
		{36C3B426-EC56-4D91-8E3A-9DCA26C3E5F3}.Ad-Hoc|x86.Deploy.0 = Debug|Any CPU
		{36C3B426-EC56-4D91-8E3A-9DCA26C3E5F3}.AppStore|Any CPU.ActiveCfg = Debug|Any CPU
		{36C3B426-EC56-4D91-8E3A-9DCA26C3E5F3}.AppStore|Any CPU.Build.0 = Debug|Any CPU
		{36C3B426-EC56-4D91-8E3A-9DCA26C3E5F3}.AppStore|Any CPU.Deploy.0 = Debug|Any CPU
		{36C3B426-EC56-4D91-8E3A-9DCA26C3E5F3}.AppStore|ARM.ActiveCfg = Debug|Any CPU
		{36C3B426-EC56-4D91-8E3A-9DCA26C3E5F3}.AppStore|ARM.Build.0 = Debug|Any CPU
		{36C3B426-EC56-4D91-8E3A-9DCA26C3E5F3}.AppStore|ARM.Deploy.0 = Debug|Any CPU
		{36C3B426-EC56-4D91-8E3A-9DCA26C3E5F3}.AppStore|iPhone.ActiveCfg = Debug|Any CPU
		{36C3B426-EC56-4D91-8E3A-9DCA26C3E5F3}.AppStore|iPhone.Build.0 = Debug|Any CPU
		{36C3B426-EC56-4D91-8E3A-9DCA26C3E5F3}.AppStore|iPhone.Deploy.0 = Debug|Any CPU
		{36C3B426-EC56-4D91-8E3A-9DCA26C3E5F3}.AppStore|iPhoneSimulator.ActiveCfg = Debug|Any CPU
		{36C3B426-EC56-4D91-8E3A-9DCA26C3E5F3}.AppStore|iPhoneSimulator.Build.0 = Debug|Any CPU
		{36C3B426-EC56-4D91-8E3A-9DCA26C3E5F3}.AppStore|iPhoneSimulator.Deploy.0 = Debug|Any CPU
		{36C3B426-EC56-4D91-8E3A-9DCA26C3E5F3}.AppStore|x64.ActiveCfg = Debug|Any CPU
		{36C3B426-EC56-4D91-8E3A-9DCA26C3E5F3}.AppStore|x64.Build.0 = Debug|Any CPU
		{36C3B426-EC56-4D91-8E3A-9DCA26C3E5F3}.AppStore|x64.Deploy.0 = Debug|Any CPU
		{36C3B426-EC56-4D91-8E3A-9DCA26C3E5F3}.AppStore|x86.ActiveCfg = Debug|Any CPU
		{36C3B426-EC56-4D91-8E3A-9DCA26C3E5F3}.AppStore|x86.Build.0 = Debug|Any CPU
		{36C3B426-EC56-4D91-8E3A-9DCA26C3E5F3}.AppStore|x86.Deploy.0 = Debug|Any CPU
		{36C3B426-EC56-4D91-8E3A-9DCA26C3E5F3}.Debug|Any CPU.ActiveCfg = Debug|Any CPU
		{36C3B426-EC56-4D91-8E3A-9DCA26C3E5F3}.Debug|Any CPU.Build.0 = Debug|Any CPU
		{36C3B426-EC56-4D91-8E3A-9DCA26C3E5F3}.Debug|Any CPU.Deploy.0 = Debug|Any CPU
		{36C3B426-EC56-4D91-8E3A-9DCA26C3E5F3}.Debug|ARM.ActiveCfg = Debug|Any CPU
		{36C3B426-EC56-4D91-8E3A-9DCA26C3E5F3}.Debug|ARM.Build.0 = Debug|Any CPU
		{36C3B426-EC56-4D91-8E3A-9DCA26C3E5F3}.Debug|ARM.Deploy.0 = Debug|Any CPU
		{36C3B426-EC56-4D91-8E3A-9DCA26C3E5F3}.Debug|iPhone.ActiveCfg = Debug|Any CPU
		{36C3B426-EC56-4D91-8E3A-9DCA26C3E5F3}.Debug|iPhone.Build.0 = Debug|Any CPU
		{36C3B426-EC56-4D91-8E3A-9DCA26C3E5F3}.Debug|iPhone.Deploy.0 = Debug|Any CPU
		{36C3B426-EC56-4D91-8E3A-9DCA26C3E5F3}.Debug|iPhoneSimulator.ActiveCfg = Debug|Any CPU
		{36C3B426-EC56-4D91-8E3A-9DCA26C3E5F3}.Debug|iPhoneSimulator.Build.0 = Debug|Any CPU
		{36C3B426-EC56-4D91-8E3A-9DCA26C3E5F3}.Debug|iPhoneSimulator.Deploy.0 = Debug|Any CPU
		{36C3B426-EC56-4D91-8E3A-9DCA26C3E5F3}.Debug|x64.ActiveCfg = Debug|Any CPU
		{36C3B426-EC56-4D91-8E3A-9DCA26C3E5F3}.Debug|x64.Build.0 = Debug|Any CPU
		{36C3B426-EC56-4D91-8E3A-9DCA26C3E5F3}.Debug|x64.Deploy.0 = Debug|Any CPU
		{36C3B426-EC56-4D91-8E3A-9DCA26C3E5F3}.Debug|x86.ActiveCfg = Debug|Any CPU
		{36C3B426-EC56-4D91-8E3A-9DCA26C3E5F3}.Debug|x86.Build.0 = Debug|Any CPU
		{36C3B426-EC56-4D91-8E3A-9DCA26C3E5F3}.Debug|x86.Deploy.0 = Debug|Any CPU
		{36C3B426-EC56-4D91-8E3A-9DCA26C3E5F3}.Release|Any CPU.ActiveCfg = Release|Any CPU
		{36C3B426-EC56-4D91-8E3A-9DCA26C3E5F3}.Release|Any CPU.Build.0 = Release|Any CPU
		{36C3B426-EC56-4D91-8E3A-9DCA26C3E5F3}.Release|Any CPU.Deploy.0 = Release|Any CPU
		{36C3B426-EC56-4D91-8E3A-9DCA26C3E5F3}.Release|ARM.ActiveCfg = Release|Any CPU
		{36C3B426-EC56-4D91-8E3A-9DCA26C3E5F3}.Release|ARM.Build.0 = Release|Any CPU
		{36C3B426-EC56-4D91-8E3A-9DCA26C3E5F3}.Release|ARM.Deploy.0 = Release|Any CPU
		{36C3B426-EC56-4D91-8E3A-9DCA26C3E5F3}.Release|iPhone.ActiveCfg = Release|Any CPU
		{36C3B426-EC56-4D91-8E3A-9DCA26C3E5F3}.Release|iPhone.Build.0 = Release|Any CPU
		{36C3B426-EC56-4D91-8E3A-9DCA26C3E5F3}.Release|iPhone.Deploy.0 = Release|Any CPU
		{36C3B426-EC56-4D91-8E3A-9DCA26C3E5F3}.Release|iPhoneSimulator.ActiveCfg = Release|Any CPU
		{36C3B426-EC56-4D91-8E3A-9DCA26C3E5F3}.Release|iPhoneSimulator.Build.0 = Release|Any CPU
		{36C3B426-EC56-4D91-8E3A-9DCA26C3E5F3}.Release|iPhoneSimulator.Deploy.0 = Release|Any CPU
		{36C3B426-EC56-4D91-8E3A-9DCA26C3E5F3}.Release|x64.ActiveCfg = Release|Any CPU
		{36C3B426-EC56-4D91-8E3A-9DCA26C3E5F3}.Release|x64.Build.0 = Release|Any CPU
		{36C3B426-EC56-4D91-8E3A-9DCA26C3E5F3}.Release|x64.Deploy.0 = Release|Any CPU
		{36C3B426-EC56-4D91-8E3A-9DCA26C3E5F3}.Release|x86.ActiveCfg = Release|Any CPU
		{36C3B426-EC56-4D91-8E3A-9DCA26C3E5F3}.Release|x86.Build.0 = Release|Any CPU
		{36C3B426-EC56-4D91-8E3A-9DCA26C3E5F3}.Release|x86.Deploy.0 = Release|Any CPU
	EndGlobalSection
	GlobalSection(SolutionProperties) = preSolution
		HideSolutionNode = FALSE
	EndGlobalSection
	GlobalSection(ExtensibilityGlobals) = postSolution
		SolutionGuid = {1C64120C-13AD-4095-A360-E5501547975B}
	EndGlobalSection
EndGlobal
